
Microsoft Visual Studio Solution File, Format Version 12.00
# Visual Studio 14
VisualStudioVersion = 14.0.25123.0
MinimumVisualStudioVersion = 10.0.40219.1
Project("{FAE04EC0-301F-11D3-BF4B-00C04F79EFBC}") = "Timesharp", "Timesharp\Timesharp.csproj", "{D00CE854-5538-45B0-B44D-7F59B3CCF2C3}"
EndProject
Global
	GlobalSection(SolutionConfigurationPlatforms) = preSolution
		Debug|Any CPU = Debug|Any CPU
		Release|Any CPU = Release|Any CPU
	EndGlobalSection
	GlobalSection(ProjectConfigurationPlatforms) = postSolution
		{D00CE854-5538-45B0-B44D-7F59B3CCF2C3}.Debug|Any CPU.ActiveCfg = Debug|Any CPU
		{D00CE854-5538-45B0-B44D-7F59B3CCF2C3}.Debug|Any CPU.Build.0 = Debug|Any CPU
		{D00CE854-5538-45B0-B44D-7F59B3CCF2C3}.Release|Any CPU.ActiveCfg = Release|Any CPU
		{D00CE854-5538-45B0-B44D-7F59B3CCF2C3}.Release|Any CPU.Build.0 = Release|Any CPU
	EndGlobalSection
	GlobalSection(SolutionProperties) = preSolution
		HideSolutionNode = FALSE
	EndGlobalSection
EndGlobal
